
Microsoft Visual Studio Solution File, Format Version 12.00
# Visual Studio Version 16
VisualStudioVersion = 16.0.30104.148
MinimumVisualStudioVersion = 10.0.40219.1
Project("{9A19103F-16F7-4668-BE54-9A1E7A4F7556}") = "FirstMod", "FirstMod.csproj", "{79E8FE1E-6D42-4CC5-BAE4-56DC7252BFBD}"
EndProject
Global
	GlobalSection(SolutionConfigurationPlatforms) = preSolution
		Debug|Any CPU = Debug|Any CPU
		Release|Any CPU = Release|Any CPU
	EndGlobalSection
	GlobalSection(ProjectConfigurationPlatforms) = postSolution
		{79E8FE1E-6D42-4CC5-BAE4-56DC7252BFBD}.Debug|Any CPU.ActiveCfg = Debug|Any CPU
		{79E8FE1E-6D42-4CC5-BAE4-56DC7252BFBD}.Debug|Any CPU.Build.0 = Debug|Any CPU
		{79E8FE1E-6D42-4CC5-BAE4-56DC7252BFBD}.Release|Any CPU.ActiveCfg = Release|Any CPU
		{79E8FE1E-6D42-4CC5-BAE4-56DC7252BFBD}.Release|Any CPU.Build.0 = Release|Any CPU
	EndGlobalSection
	GlobalSection(SolutionProperties) = preSolution
		HideSolutionNode = FALSE
	EndGlobalSection
	GlobalSection(ExtensibilityGlobals) = postSolution
		SolutionGuid = {FE890815-4458-402F-B182-B8443A32E4C7}
	EndGlobalSection
EndGlobal
